
Microsoft Visual Studio Solution File, Format Version 12.00
# Visual Studio Version 16
VisualStudioVersion = 16.0.28803.452
MinimumVisualStudioVersion = 10.0.40219.1
Project("{FAE04EC0-301F-11D3-BF4B-00C04F79EFBC}") = "IsCoolManager.Android", "IsCoolManager\IsCoolManager.Android\IsCoolManager.Android.csproj", "{F9020630-2960-4C82-A298-AE858D891698}"
EndProject
Project("{FAE04EC0-301F-11D3-BF4B-00C04F79EFBC}") = "IsCoolManager", "IsCoolManager\IsCoolManager\IsCoolManager.csproj", "{67D2F63F-471A-4CC9-9A81-482187E38D58}"
EndProject
Global
	GlobalSection(SolutionConfigurationPlatforms) = preSolution
		Debug|Any CPU = Debug|Any CPU
		Release|Any CPU = Release|Any CPU
	EndGlobalSection
	GlobalSection(ProjectConfigurationPlatforms) = postSolution
		{F9020630-2960-4C82-A298-AE858D891698}.Debug|Any CPU.ActiveCfg = Debug|Any CPU
		{F9020630-2960-4C82-A298-AE858D891698}.Debug|Any CPU.Build.0 = Debug|Any CPU
		{F9020630-2960-4C82-A298-AE858D891698}.Debug|Any CPU.Deploy.0 = Debug|Any CPU
		{F9020630-2960-4C82-A298-AE858D891698}.Release|Any CPU.ActiveCfg = Release|Any CPU
		{F9020630-2960-4C82-A298-AE858D891698}.Release|Any CPU.Build.0 = Release|Any CPU
		{F9020630-2960-4C82-A298-AE858D891698}.Release|Any CPU.Deploy.0 = Release|Any CPU
		{67D2F63F-471A-4CC9-9A81-482187E38D58}.Debug|Any CPU.ActiveCfg = Debug|Any CPU
		{67D2F63F-471A-4CC9-9A81-482187E38D58}.Debug|Any CPU.Build.0 = Debug|Any CPU
		{67D2F63F-471A-4CC9-9A81-482187E38D58}.Debug|Any CPU.Deploy.0 = Debug|Any CPU
		{67D2F63F-471A-4CC9-9A81-482187E38D58}.Release|Any CPU.ActiveCfg = Release|Any CPU
		{67D2F63F-471A-4CC9-9A81-482187E38D58}.Release|Any CPU.Build.0 = Release|Any CPU
		{67D2F63F-471A-4CC9-9A81-482187E38D58}.Release|Any CPU.Deploy.0 = Release|Any CPU
	EndGlobalSection
	GlobalSection(SolutionProperties) = preSolution
		HideSolutionNode = FALSE
	EndGlobalSection
	GlobalSection(ExtensibilityGlobals) = postSolution
		SolutionGuid = {3DECE4D9-D67B-4EB6-B650-8B117AF588B5}
	EndGlobalSection
EndGlobal
